
Microsoft Visual Studio Solution File, Format Version 12.00
Project("{FAE04EC0-301F-11D3-BF4B-00C04F79EFBC}") = "ScoreBusiness", "ScoreBusiness\ScoreBusiness.csproj", "{984FF08C-350E-4E9B-9FCC-1B831D25FAE2}"
EndProject
Project("{FAE04EC0-301F-11D3-BF4B-00C04F79EFBC}") = "ScoreBusiness.Test", "ScoreBusiness.Test\ScoreBusiness.Test.csproj", "{719A9AF5-AB1E-4524-8B15-24E605849460}"
EndProject
Global
	GlobalSection(SolutionConfigurationPlatforms) = preSolution
		Debug|Any CPU = Debug|Any CPU
		Release|Any CPU = Release|Any CPU
	EndGlobalSection
	GlobalSection(ProjectConfigurationPlatforms) = postSolution
		{984FF08C-350E-4E9B-9FCC-1B831D25FAE2}.Debug|Any CPU.ActiveCfg = Debug|Any CPU
		{984FF08C-350E-4E9B-9FCC-1B831D25FAE2}.Debug|Any CPU.Build.0 = Debug|Any CPU
		{984FF08C-350E-4E9B-9FCC-1B831D25FAE2}.Release|Any CPU.ActiveCfg = Release|Any CPU
		{984FF08C-350E-4E9B-9FCC-1B831D25FAE2}.Release|Any CPU.Build.0 = Release|Any CPU
		{719A9AF5-AB1E-4524-8B15-24E605849460}.Debug|Any CPU.ActiveCfg = Debug|Any CPU
		{719A9AF5-AB1E-4524-8B15-24E605849460}.Debug|Any CPU.Build.0 = Debug|Any CPU
		{719A9AF5-AB1E-4524-8B15-24E605849460}.Release|Any CPU.ActiveCfg = Release|Any CPU
		{719A9AF5-AB1E-4524-8B15-24E605849460}.Release|Any CPU.Build.0 = Release|Any CPU
	EndGlobalSection
EndGlobal
